PODS:
  - PhyreKit (0.1.2):
    - PhyreKit/CoreLocation
    - PhyreKit/Foundation
    - PhyreKit/UIKit
    - PhyreKit/Vendor
  - PhyreKit/CoreLocation (0.1.2)
  - PhyreKit/Foundation (0.1.2)
  - PhyreKit/UIKit (0.1.2)
  - PhyreKit/Vendor (0.1.2)

DEPENDENCIES:
  - PhyreKit (from `../`)

EXTERNAL SOURCES:
  PhyreKit:
    :path: ../

SPEC CHECKSUMS:
  PhyreKit: 4c0345e90c842b6efbd66c63a339e48fcea6ad6e

COCOAPODS: 0.31.1
