PODS:
  - Kiwi (2.2.4):
    - Kiwi/SenTestingKit
  - Kiwi/ARC (2.2.4)
  - Kiwi/NonARC (2.2.4)
  - Kiwi/SenTestingKit (2.2.4):
    - Kiwi/ARC
    - Kiwi/NonARC
  - PhyreKit (0.2.4):
    - PhyreKit/CoreLocation
    - PhyreKit/Foundation
    - PhyreKit/UIKit
    - PhyreKit/Vendor
  - PhyreKit/CoreLocation (0.2.4)
  - PhyreKit/Foundation (0.2.4)
  - PhyreKit/UIKit (0.2.4):
    - PhyreKit/Foundation
  - PhyreKit/Vendor (0.2.4)

DEPENDENCIES:
  - Kiwi (~> 2.2)
  - PhyreKit (from `../`)

EXTERNAL SOURCES:
  PhyreKit:
    :path: ../

SPEC CHECKSUMS:
  Kiwi: c73667f2b84cbf36f1a3830267c5a4ae8dcbd8ba
  PhyreKit: 262f51e43cfa11ad7c273e770e68e8206234b82b

COCOAPODS: 0.33.1
