PODS:
  - PhyreKit (0.1.1):
    - PhyreKit/Foundation
    - PhyreKit/UIKit
  - PhyreKit/Foundation (0.1.1)
  - PhyreKit/UIKit (0.1.1)

DEPENDENCIES:
  - PhyreKit (from `../`)

EXTERNAL SOURCES:
  PhyreKit:
    :path: ../

SPEC CHECKSUMS:
  PhyreKit: 468771c79e27adf27cf15fea56c1afa81c81d8f1

COCOAPODS: 0.31.1
